PODS:
  - NCMB (2.3.0)

DEPENDENCIES:
  - NCMB (from `https://github.com/NIFTYCloud-mbaas/ncmb_ios.git`)

EXTERNAL SOURCES:
  NCMB:
    :git: https://github.com/NIFTYCloud-mbaas/ncmb_ios.git

CHECKOUT OPTIONS:
  NCMB:
    :commit: e599f10d7dadb6b4248d3e5bf9d674d6ad2b212d
    :git: https://github.com/NIFTYCloud-mbaas/ncmb_ios.git

SPEC CHECKSUMS:
  NCMB: a153b3f99d7b3d530eba60dba065487c63962e2d

PODFILE CHECKSUM: a0537fa4bbbba51f52ff4fb8d9f5f86903847814

COCOAPODS: 1.0.0.beta.5
